// !$*UTF8*$!
{
	archiveVersion = 1;
	classes = {
	};
	objectVersion = 70;
	objects = {

/* Begin PBXBuildFile section */
		884FA9392F027B6100097D56 /* wled_native_data.xcdatamodeld in Sources */ = {isa = PBXBuildFile; fileRef = 884FA9082F027B6100097D56 /* wled_native_data.xcdatamodeld */; };
		C946FB862B68C53600D5B00D /* Collections in Frameworks */ = {isa = PBXBuildFile; productRef = C946FB852B68C53600D5B00D /* Collections */; };
		C946FB882B68C53600D5B00D /* DequeModule in Frameworks */ = {isa = PBXBuildFile; productRef = C946FB872B68C53600D5B00D /* DequeModule */; };
		C946FB8A2B68C53600D5B00D /* OrderedCollections in Frameworks */ = {isa = PBXBuildFile; productRef = C946FB892B68C53600D5B00D /* OrderedCollections */; };
		C948F4982B3D2B330092C4B1 /* MarkdownUI in Frameworks */ = {isa = PBXBuildFile; productRef = C948F4972B3D2B330092C4B1 /* MarkdownUI */; };
		C9C4B47F2AC0050500791D20 /* README.md in Resources */ = {isa = PBXBuildFile; fileRef = C9C4B47E2AC0050500791D20 /* README.md */; };
/* End PBXBuildFile section */

/* Begin PBXContainerItemProxy section */
		882CC9172F05CFE00080567C /* PBXContainerItemProxy */ = {
			isa = PBXContainerItemProxy;
			containerPortal = C9A9E5B52918D1C3005B5C22 /* Project object */;
			proxyType = 1;
			remoteGlobalIDString = C9A9E5BC2918D1C3005B5C22;
			remoteInfo = WLED;
		};
		BBE210000000000000000007 /* PBXContainerItemProxy */ = {
			isa = PBXContainerItemProxy;
			containerPortal = C9A9E5B52918D1C3005B5C22;
			proxyType = 1;
			remoteGlobalIDString = C9A9E5BC2918D1C3005B5C22;
			remoteInfo = WLED;
		};
/* End PBXContainerItemProxy section */

/* Begin PBXFileReference section */
		882CC9132F05CFE00080567C /* WLEDTests.xctest */ = {isa = PBXFileReference; explicitFileType = wrapper.cfbundle; includeInIndex = 0; path = WLEDTests.xctest; sourceTree = BUILT_PRODUCTS_DIR; };
		884FA90A2F027B6100097D56 /* v2.xcdatamodel */ = {isa = PBXFileReference; lastKnownFileType = wrapper.xcdatamodel; path = v2.xcdatamodel; sourceTree = "<group>"; };
		BBE300002F027B6100097D56 /* v3.xcdatamodel */ = {isa = PBXFileReference; lastKnownFileType = wrapper.xcdatamodel; path = v3.xcdatamodel; sourceTree = "<group>"; };
		884FA90B2F027B6100097D56 /* wled_native_data.xcdatamodel */ = {isa = PBXFileReference; lastKnownFileType = wrapper.xcdatamodel; path = wled_native_data.xcdatamodel; sourceTree = "<group>"; };
		C9A9E5BD2918D1C3005B5C22 /* WLED.app */ = {isa = PBXFileReference; explicitFileType = wrapper.application; includeInIndex = 0; path = WLED.app; sourceTree = BUILT_PRODUCTS_DIR; };
		C9C4B47E2AC0050500791D20 /* README.md */ = {isa = PBXFileReference; fileEncoding = 4; lastKnownFileType = net.daringfireball.markdown; path = README.md; sourceTree = SOURCE_ROOT; };
		BBE210000000000000000002 /* WLEDUIHILTests.xctest */ = {
			isa = PBXFileReference;
			explicitFileType = wrapper.cfbundle;
			includeInIndex = 0;
			path = WLEDUIHILTests.xctest;
			sourceTree = BUILT_PRODUCTS_DIR;
		};
/* End PBXFileReference section */

/* Begin PBXFileSystemSynchronizedBuildFileExceptionSet section */
		8813CE392EE9178D00B0A987 /* PBXFileSystemSynchronizedBuildFileExceptionSet */ = {
			isa = PBXFileSystemSynchronizedBuildFileExceptionSet;
			membershipExceptions = (
				Info.plist,
			);
			target = C9A9E5BC2918D1C3005B5C22 /* WLED */;
		};
/* End PBXFileSystemSynchronizedBuildFileExceptionSet section */

/* Begin PBXFileSystemSynchronizedRootGroup section */
		8813CE002EE9178D00B0A987 /* wled */ = {isa = PBXFileSystemSynchronizedRootGroup; exceptions = (8813CE392EE9178D00B0A987 /* PBXFileSystemSynchronizedBuildFileExceptionSet */, ); explicitFileTypes = {}; explicitFolders = (); path = wled; sourceTree = "<group>"; };
		882CC9142F05CFE00080567C /* wledTests */ = {isa = PBXFileSystemSynchronizedRootGroup; explicitFileTypes = {}; explicitFolders = (); path = wledTests; sourceTree = "<group>"; };
		BBE210000000000000000003 /* wledUITests */ = {
			isa = PBXFileSystemSynchronizedRootGroup;
			explicitFileTypes = {};
			explicitFolders = ();
			path = wledUITests;
			sourceTree = "<group>";
		};
/* End PBXFileSystemSynchronizedRootGroup section */

/* Begin PBXFrameworksBuildPhase section */
		882CC9102F05CFE00080567C /* Frameworks */ = {
			isa = PBXFrameworksBuildPhase;
			buildActionMask = 2147483647;
			files = (
			);
			runOnlyForDeploymentPostprocessing = 0;
		};
		C9A9E5BA2918D1C3005B5C22 /* Frameworks */ = {
			isa = PBXFrameworksBuildPhase;
			buildActionMask = 2147483647;
			files = (
				C946FB862B68C53600D5B00D /* Collections in Frameworks */,
				C948F4982B3D2B330092C4B1 /* MarkdownUI in Frameworks */,
				C946FB8A2B68C53600D5B00D /* OrderedCollections in Frameworks */,
				C946FB882B68C53600D5B00D /* DequeModule in Frameworks */,
			);
			runOnlyForDeploymentPostprocessing = 0;
		};
		BBE210000000000000000005 /* Frameworks */ = {
			isa = PBXFrameworksBuildPhase;
			buildActionMask = 2147483647;
			files = ();
			runOnlyForDeploymentPostprocessing = 0;
		};
/* End PBXFrameworksBuildPhase section */

/* Begin PBXGroup section */
		884FA9472F02811C00097D56 /* Data */ = {
			isa = PBXGroup;
			children = (
				884FA9082F027B6100097D56 /* wled_native_data.xcdatamodeld */,
			);
			path = Data;
			sourceTree = "<group>";
		};
		C9A9E5B42918D1C3005B5C22 = {
			isa = PBXGroup;
			children = (
				884FA9472F02811C00097D56 /* Data */,
				C9C4B47E2AC0050500791D20 /* README.md */,
				8813CE002EE9178D00B0A987 /* wled */,
				882CC9142F05CFE00080567C /* wledTests */,
				BBE210000000000000000003 /* wledUITests */,
				C9A9E5BE2918D1C3005B5C22 /* Products */,
			);
			sourceTree = "<group>";
		};
		C9A9E5BE2918D1C3005B5C22 /* Products */ = {
			isa = PBXGroup;
			children = (
				C9A9E5BD2918D1C3005B5C22 /* WLED.app */,
				882CC9132F05CFE00080567C /* WLEDTests.xctest */,
				BBE210000000000000000002 /* WLEDUIHILTests.xctest */,
			);
			name = Products;
			sourceTree = "<group>";
		};
/* End PBXGroup section */

/* Begin PBXNativeTarget section */
		882CC9122F05CFE00080567C /* WLEDTests */ = {
			isa = PBXNativeTarget;
			buildConfigurationList = 882CC91B2F05CFE00080567C /* Build configuration list for PBXNativeTarget "WLEDTests" */;
			buildPhases = (
				882CC90F2F05CFE00080567C /* Sources */,
				882CC9102F05CFE00080567C /* Frameworks */,
				882CC9112F05CFE00080567C /* Resources */,
			);
			buildRules = (
			);
			dependencies = (
				882CC9182F05CFE00080567C /* PBXTargetDependency */,
			);
			fileSystemSynchronizedGroups = (
				882CC9142F05CFE00080567C /* wledTests */,
			);
			name = WLEDTests;
			packageProductDependencies = (
			);
			productName = WLEDTests;
			productReference = 882CC9132F05CFE00080567C /* WLEDTests.xctest */;
			productType = "com.apple.product-type.bundle.unit-test";
		};
		C9A9E5BC2918D1C3005B5C22 /* WLED */ = {
			isa = PBXNativeTarget;
			buildConfigurationList = C9A9E5D12918D1C4005B5C22 /* Build configuration list for PBXNativeTarget "WLED" */;
			buildPhases = (
				C9A9E5B92918D1C3005B5C22 /* Sources */,
				C9A9E5BA2918D1C3005B5C22 /* Frameworks */,
				C9A9E5BB2918D1C3005B5C22 /* Resources */,
			);
			buildRules = (
			);
			dependencies = (
				8849FA232F710B1B008ACEC3 /* PBXTargetDependency */,
			);
			fileSystemSynchronizedGroups = (
				8813CE002EE9178D00B0A987 /* wled */,
			);
			name = WLED;
			packageProductDependencies = (
				C948F4972B3D2B330092C4B1 /* MarkdownUI */,
				C946FB852B68C53600D5B00D /* Collections */,
				C946FB872B68C53600D5B00D /* DequeModule */,
				C946FB892B68C53600D5B00D /* OrderedCollections */,
			);
			productName = wled;
			productReference = C9A9E5BD2918D1C3005B5C22 /* WLED.app */;
			productType = "com.apple.product-type.application";
		};
		BBE210000000000000000001 /* WLEDUIHILTests */ = {
			isa = PBXNativeTarget;
			buildConfigurationList = BBE21000000000000000000B;
			buildPhases = (BBE210000000000000000004, BBE210000000000000000005, BBE210000000000000000006,);
			buildRules = ();
			dependencies = (BBE210000000000000000008,);
			fileSystemSynchronizedGroups = (BBE210000000000000000003,);
			name = WLEDUIHILTests;
			packageProductDependencies = ();
			productName = WLEDUIHILTests;
			productReference = BBE210000000000000000002;
			productType = "com.apple.product-type.bundle.ui-testing";
		};
/* End PBXNativeTarget section */

/* Begin PBXProject section */
		C9A9E5B52918D1C3005B5C22 /* Project object */ = {
			isa = PBXProject;
			attributes = {
				BuildIndependentTargetsInParallel = 1;
				LastSwiftUpdateCheck = 2620;
				LastUpgradeCheck = 2620;
				TargetAttributes = {
					BBE210000000000000000001 = { CreatedOnToolsVersion = 27.0; TestTargetID = C9A9E5BC2918D1C3005B5C22; };
					882CC9122F05CFE00080567C = {
						CreatedOnToolsVersion = 26.2;
						TestTargetID = C9A9E5BC2918D1C3005B5C22;
					};
					C9A9E5BC2918D1C3005B5C22 = {
						CreatedOnToolsVersion = 14.1;
					};
				};
			};
			buildConfigurationList = C9A9E5B82918D1C3005B5C22 /* Build configuration list for PBXProject "wled" */;
			compatibilityVersion = "Xcode 14.0";
			developmentRegion = en;
			hasScannedForEncodings = 0;
			knownRegions = (
				en,
				Base,
				"fr-CA",
			);
			mainGroup = C9A9E5B42918D1C3005B5C22;
			packageReferences = (
				C948F4962B3D2B320092C4B1 /* XCRemoteSwiftPackageReference "swift-markdown-ui" */,
				C946FB842B68C53600D5B00D /* XCRemoteSwiftPackageReference "swift-collections" */,
				8849F9052F710909008ACEC3 /* XCRemoteSwiftPackageReference "SwiftLintPlugins" */,
			);
			productRefGroup = C9A9E5BE2918D1C3005B5C22 /* Products */;
			projectDirPath = "";
			projectRoot = "";
			targets = (
				C9A9E5BC2918D1C3005B5C22 /* WLED */,
				882CC9122F05CFE00080567C /* WLEDTests */,
				BBE210000000000000000001 /* WLEDUIHILTests */,
			);
		};
/* End PBXProject section */

/* Begin PBXResourcesBuildPhase section */
		882CC9112F05CFE00080567C /* Resources */ = {
			isa = PBXResourcesBuildPhase;
			buildActionMask = 2147483647;
			files = (
			);
			runOnlyForDeploymentPostprocessing = 0;
		};
		C9A9E5BB2918D1C3005B5C22 /* Resources */ = {
			isa = PBXResourcesBuildPhase;
			buildActionMask = 2147483647;
			files = (
				C9C4B47F2AC0050500791D20 /* README.md in Resources */,
			);
			runOnlyForDeploymentPostprocessing = 0;
		};
		BBE210000000000000000006 /* Resources */ = {
			isa = PBXResourcesBuildPhase;
			buildActionMask = 2147483647;
			files = ();
			runOnlyForDeploymentPostprocessing = 0;
		};
/* End PBXResourcesBuildPhase section */

/* Begin PBXSourcesBuildPhase section */
		882CC90F2F05CFE00080567C /* Sources */ = {
			isa = PBXSourcesBuildPhase;
			buildActionMask = 2147483647;
			files = (
			);
			runOnlyForDeploymentPostprocessing = 0;
		};
		C9A9E5B92918D1C3005B5C22 /* Sources */ = {
			isa = PBXSourcesBuildPhase;
			buildActionMask = 2147483647;
			files = (
				884FA9392F027B6100097D56 /* wled_native_data.xcdatamodeld in Sources */,
			);
			runOnlyForDeploymentPostprocessing = 0;
		};
		BBE210000000000000000004 /* Sources */ = {
			isa = PBXSourcesBuildPhase;
			buildActionMask = 2147483647;
			files = ();
			runOnlyForDeploymentPostprocessing = 0;
		};
/* End PBXSourcesBuildPhase section */

/* Begin PBXTargetDependency section */
		882CC9182F05CFE00080567C /* PBXTargetDependency */ = {
			isa = PBXTargetDependency;
			target = C9A9E5BC2918D1C3005B5C22 /* WLED */;
			targetProxy = 882CC9172F05CFE00080567C /* PBXContainerItemProxy */;
		};
		8849FA232F710B1B008ACEC3 /* PBXTargetDependency */ = {
			isa = PBXTargetDependency;
			productRef = 8849FA222F710B1B008ACEC3 /* SwiftLintBuildToolPlugin */;
		};
		BBE210000000000000000008 /* PBXTargetDependency */ = {
			isa = PBXTargetDependency;
			target = C9A9E5BC2918D1C3005B5C22;
			targetProxy = BBE210000000000000000007;
		};
/* End PBXTargetDependency section */

/* Begin XCBuildConfiguration section */
		882CC9192F05CFE00080567C /* Debug */ = {
			isa = XCBuildConfiguration;
			buildSettings = {
				ALWAYS_SEARCH_USER_PATHS = NO;
				BUNDLE_LOADER = "$(TEST_HOST)";
				CODE_SIGN_STYLE = Automatic;
				CURRENT_PROJECT_VERSION = 1;
				DEVELOPMENT_TEAM = RWLNCUSDCJ;
				GCC_C_LANGUAGE_STANDARD = gnu17;
				GENERATE_INFOPLIST_FILE = YES;
				IPHONEOS_DEPLOYMENT_TARGET = 26.2;
				MARKETING_VERSION = 1.0;
				PRODUCT_BUNDLE_IDENTIFIER = "ca.cgagnier.wled-native.WLEDTests";
				PRODUCT_NAME = "$(TARGET_NAME)";
				STRING_CATALOG_GENERATE_SYMBOLS = NO;
				SWIFT_ACTIVE_COMPILATION_CONDITIONS = "DEBUG $(inherited)";
				SWIFT_APPROACHABLE_CONCURRENCY = YES;
				SWIFT_EMIT_LOC_STRINGS = NO;
				SWIFT_UPCOMING_FEATURE_MEMBER_IMPORT_VISIBILITY = YES;
				SWIFT_VERSION = 5.0;
				TARGETED_DEVICE_FAMILY = "1,2";
				TEST_HOST = "$(BUILT_PRODUCTS_DIR)/WLED.app/$(BUNDLE_EXECUTABLE_FOLDER_PATH)/WLED";
			};
			name = Debug;
		};
		882CC91A2F05CFE00080567C /* Release */ = {
			isa = XCBuildConfiguration;
			buildSettings = {
				ALWAYS_SEARCH_USER_PATHS = NO;
				BUNDLE_LOADER = "$(TEST_HOST)";
				CODE_SIGN_STYLE = Automatic;
				CURRENT_PROJECT_VERSION = 1;
				DEVELOPMENT_TEAM = RWLNCUSDCJ;
				GCC_C_LANGUAGE_STANDARD = gnu17;
				GENERATE_INFOPLIST_FILE = YES;
				IPHONEOS_DEPLOYMENT_TARGET = 26.2;
				MARKETING_VERSION = 1.0;
				PRODUCT_BUNDLE_IDENTIFIER = "ca.cgagnier.wled-native.WLEDTests";
				PRODUCT_NAME = "$(TARGET_NAME)";
				STRING_CATALOG_GENERATE_SYMBOLS = NO;
				SWIFT_APPROACHABLE_CONCURRENCY = YES;
				SWIFT_EMIT_LOC_STRINGS = NO;
				SWIFT_UPCOMING_FEATURE_MEMBER_IMPORT_VISIBILITY = YES;
				SWIFT_VERSION = 5.0;
				TARGETED_DEVICE_FAMILY = "1,2";
				TEST_HOST = "$(BUILT_PRODUCTS_DIR)/WLED.app/$(BUNDLE_EXECUTABLE_FOLDER_PATH)/WLED";
			};
			name = Release;
		};
		C9A9E5CF2918D1C4005B5C22 /* Debug */ = {
			isa = XCBuildConfiguration;
			buildSettings = {
				ASSETCATALOG_COMPILER_GENERATE_SWIFT_ASSET_SYMBOL_EXTENSIONS = YES;
				CLANG_ANALYZER_LOCALIZABILITY_NONLOCALIZED = YES;
				CLANG_ANALYZER_NONNULL = YES;
				CLANG_ANALYZER_NUMBER_OBJECT_CONVERSION = YES_AGGRESSIVE;
				CLANG_CXX_LANGUAGE_STANDARD = "gnu++20";
				CLANG_ENABLE_MODULES = YES;
				CLANG_ENABLE_OBJC_ARC = YES;
				CLANG_ENABLE_OBJC_WEAK = YES;
				CLANG_WARN_BLOCK_CAPTURE_AUTORELEASING = YES;
				CLANG_WARN_BOOL_CONVERSION = YES;
				CLANG_WARN_COMMA = YES;
				CLANG_WARN_CONSTANT_CONVERSION = YES;
				CLANG_WARN_DEPRECATED_OBJC_IMPLEMENTATIONS = YES;
				CLANG_WARN_DIRECT_OBJC_ISA_USAGE = YES_ERROR;
				CLANG_WARN_DOCUMENTATION_COMMENTS = YES;
				CLANG_WARN_EMPTY_BODY = YES;
				CLANG_WARN_ENUM_CONVERSION = YES;
				CLANG_WARN_INFINITE_RECURSION = YES;
				CLANG_WARN_INT_CONVERSION = YES;
				CLANG_WARN_NON_LITERAL_NULL_CONVERSION = YES;
				CLANG_WARN_OBJC_IMPLICIT_RETAIN_SELF = YES;
				CLANG_WARN_OBJC_LITERAL_CONVERSION = YES;
				CLANG_WARN_OBJC_ROOT_CLASS = YES_ERROR;
				CLANG_WARN_QUOTED_INCLUDE_IN_FRAMEWORK_HEADER = YES;
				CLANG_WARN_RANGE_LOOP_ANALYSIS = YES;
				CLANG_WARN_STRICT_PROTOTYPES = YES;
				CLANG_WARN_SUSPICIOUS_MOVE = YES;
				CLANG_WARN_UNGUARDED_AVAILABILITY = YES_AGGRESSIVE;
				CLANG_WARN_UNREACHABLE_CODE = YES;
				CLANG_WARN__DUPLICATE_METHOD_MATCH = YES;
				COPY_PHASE_STRIP = NO;
				DEBUG_INFORMATION_FORMAT = dwarf;
				DEVELOPMENT_TEAM = RWLNCUSDCJ;
				ENABLE_STRICT_OBJC_MSGSEND = YES;
				ENABLE_TESTABILITY = YES;
				ENABLE_USER_SCRIPT_SANDBOXING = YES;
				GCC_C_LANGUAGE_STANDARD = gnu11;
				GCC_DYNAMIC_NO_PIC = NO;
				GCC_NO_COMMON_BLOCKS = YES;
				GCC_OPTIMIZATION_LEVEL = 0;
				GCC_PREPROCESSOR_DEFINITIONS = (
					"DEBUG=1",
					"$(inherited)",
				);
				GCC_WARN_64_TO_32_BIT_CONVERSION = YES;
				GCC_WARN_ABOUT_RETURN_TYPE = YES_ERROR;
				GCC_WARN_UNDECLARED_SELECTOR = YES;
				GCC_WARN_UNINITIALIZED_AUTOS = YES_AGGRESSIVE;
				GCC_WARN_UNUSED_FUNCTION = YES;
				GCC_WARN_UNUSED_VARIABLE = YES;
				IPHONEOS_DEPLOYMENT_TARGET = 16.0;
				LOCALIZATION_PREFERS_STRING_CATALOGS = YES;
				MARKETING_VERSION = 7.0;
				MTL_ENABLE_DEBUG_INFO = INCLUDE_SOURCE;
				MTL_FAST_MATH = YES;
				ONLY_ACTIVE_ARCH = YES;
				SDKROOT = iphoneos;
				STRING_CATALOG_GENERATE_SYMBOLS = YES;
				SWIFT_ACTIVE_COMPILATION_CONDITIONS = DEBUG;
				SWIFT_EMIT_LOC_STRINGS = YES;
				SWIFT_OPTIMIZATION_LEVEL = "-Onone";
			};
			name = Debug;
		};
		C9A9E5D02918D1C4005B5C22 /* Release */ = {
			isa = XCBuildConfiguration;
			buildSettings = {
				ASSETCATALOG_COMPILER_GENERATE_SWIFT_ASSET_SYMBOL_EXTENSIONS = YES;
				CLANG_ANALYZER_LOCALIZABILITY_NONLOCALIZED = YES;
				CLANG_ANALYZER_NONNULL = YES;
				CLANG_ANALYZER_NUMBER_OBJECT_CONVERSION = YES_AGGRESSIVE;
				CLANG_CXX_LANGUAGE_STANDARD = "gnu++20";
				CLANG_ENABLE_MODULES = YES;
				CLANG_ENABLE_OBJC_ARC = YES;
				CLANG_ENABLE_OBJC_WEAK = YES;
				CLANG_WARN_BLOCK_CAPTURE_AUTORELEASING = YES;
				CLANG_WARN_BOOL_CONVERSION = YES;
				CLANG_WARN_COMMA = YES;
				CLANG_WARN_CONSTANT_CONVERSION = YES;
				CLANG_WARN_DEPRECATED_OBJC_IMPLEMENTATIONS = YES;
				CLANG_WARN_DIRECT_OBJC_ISA_USAGE = YES_ERROR;
				CLANG_WARN_DOCUMENTATION_COMMENTS = YES;
				CLANG_WARN_EMPTY_BODY = YES;
				CLANG_WARN_ENUM_CONVERSION = YES;
				CLANG_WARN_INFINITE_RECURSION = YES;
				CLANG_WARN_INT_CONVERSION = YES;
				CLANG_WARN_NON_LITERAL_NULL_CONVERSION = YES;
				CLANG_WARN_OBJC_IMPLICIT_RETAIN_SELF = YES;
				CLANG_WARN_OBJC_LITERAL_CONVERSION = YES;
				CLANG_WARN_OBJC_ROOT_CLASS = YES_ERROR;
				CLANG_WARN_QUOTED_INCLUDE_IN_FRAMEWORK_HEADER = YES;
				CLANG_WARN_RANGE_LOOP_ANALYSIS = YES;
				CLANG_WARN_STRICT_PROTOTYPES = YES;
				CLANG_WARN_SUSPICIOUS_MOVE = YES;
				CLANG_WARN_UNGUARDED_AVAILABILITY = YES_AGGRESSIVE;
				CLANG_WARN_UNREACHABLE_CODE = YES;
				CLANG_WARN__DUPLICATE_METHOD_MATCH = YES;
				COPY_PHASE_STRIP = NO;
				DEBUG_INFORMATION_FORMAT = "dwarf-with-dsym";
				DEVELOPMENT_TEAM = RWLNCUSDCJ;
				ENABLE_NS_ASSERTIONS = NO;
				ENABLE_STRICT_OBJC_MSGSEND = YES;
				ENABLE_USER_SCRIPT_SANDBOXING = YES;
				GCC_C_LANGUAGE_STANDARD = gnu11;
				GCC_NO_COMMON_BLOCKS = YES;
				GCC_WARN_64_TO_32_BIT_CONVERSION = YES;
				GCC_WARN_ABOUT_RETURN_TYPE = YES_ERROR;
				GCC_WARN_UNDECLARED_SELECTOR = YES;
				GCC_WARN_UNINITIALIZED_AUTOS = YES_AGGRESSIVE;
				GCC_WARN_UNUSED_FUNCTION = YES;
				GCC_WARN_UNUSED_VARIABLE = YES;
				IPHONEOS_DEPLOYMENT_TARGET = 16.0;
				LOCALIZATION_PREFERS_STRING_CATALOGS = YES;
				MARKETING_VERSION = 7.0;
				MTL_ENABLE_DEBUG_INFO = NO;
				MTL_FAST_MATH = YES;
				SDKROOT = iphoneos;
				STRING_CATALOG_GENERATE_SYMBOLS = YES;
				SWIFT_COMPILATION_MODE = wholemodule;
				SWIFT_EMIT_LOC_STRINGS = YES;
				SWIFT_OPTIMIZATION_LEVEL = "-O";
				VALIDATE_PRODUCT = YES;
			};
			name = Release;
		};
		C9A9E5D22918D1C4005B5C22 /* Debug */ = {
			isa = XCBuildConfiguration;
			buildSettings = {
				ASSETCATALOG_COMPILER_APPICON_NAME = AppIcon;
				ASSETCATALOG_COMPILER_GLOBAL_ACCENT_COLOR_NAME = AccentColor;
				CODE_SIGN_STYLE = Automatic;
				CURRENT_PROJECT_VERSION = 2;
				DEVELOPMENT_TEAM = 8RN882MNR5;
				GENERATE_INFOPLIST_FILE = YES;
				INFOPLIST_FILE = wled/Info.plist;
				INFOPLIST_KEY_LSApplicationCategoryType = "public.app-category.utilities";
				INFOPLIST_KEY_NSLocalNetworkUsageDescription = "WLED uses the local network to connect to WLED devices around you.";
				INFOPLIST_KEY_UIApplicationSupportsIndirectInputEvents = YES;
				INFOPLIST_KEY_UILaunchStoryboardName = "Launch Screen";
				INFOPLIST_KEY_UISupportedInterfaceOrientations_iPad = "UIInterfaceOrientationPortrait UIInterfaceOrientationPortraitUpsideDown UIInterfaceOrientationLandscapeLeft UIInterfaceOrientationLandscapeRight";
				INFOPLIST_KEY_UISupportedInterfaceOrientations_iPhone = "UIInterfaceOrientationPortrait UIInterfaceOrientationLandscapeLeft UIInterfaceOrientationLandscapeRight";
				IPHONEOS_DEPLOYMENT_TARGET = 16.0;
				LD_RUNPATH_SEARCH_PATHS = (
					"$(inherited)",
					"@executable_path/Frameworks",
				);
				MARKETING_VERSION = 7.1;
				PRODUCT_BUNDLE_IDENTIFIER = "ca.cgagnier.wled-native";
				PRODUCT_NAME = "$(TARGET_NAME)";
				PROVISIONING_PROFILE_SPECIFIER = "";
				SWIFT_EMIT_LOC_STRINGS = YES;
				SWIFT_VERSION = 6.0;
				TARGETED_DEVICE_FAMILY = "1,2";
			};
			name = Debug;
		};
		C9A9E5D32918D1C4005B5C22 /* Release */ = {
			isa = XCBuildConfiguration;
			buildSettings = {
				ASSETCATALOG_COMPILER_APPICON_NAME = AppIcon;
				ASSETCATALOG_COMPILER_GLOBAL_ACCENT_COLOR_NAME = AccentColor;
				CODE_SIGN_STYLE = Automatic;
				CURRENT_PROJECT_VERSION = 2;
				DEVELOPMENT_TEAM = 8RN882MNR5;
				GENERATE_INFOPLIST_FILE = YES;
				INFOPLIST_FILE = wled/Info.plist;
				INFOPLIST_KEY_LSApplicationCategoryType = "public.app-category.utilities";
				INFOPLIST_KEY_NSLocalNetworkUsageDescription = "WLED uses the local network to connect to WLED devices around you.";
				INFOPLIST_KEY_UIApplicationSupportsIndirectInputEvents = YES;
				INFOPLIST_KEY_UILaunchStoryboardName = "Launch Screen";
				INFOPLIST_KEY_UISupportedInterfaceOrientations_iPad = "UIInterfaceOrientationPortrait UIInterfaceOrientationPortraitUpsideDown UIInterfaceOrientationLandscapeLeft UIInterfaceOrientationLandscapeRight";
				INFOPLIST_KEY_UISupportedInterfaceOrientations_iPhone = "UIInterfaceOrientationPortrait UIInterfaceOrientationLandscapeLeft UIInterfaceOrientationLandscapeRight";
				IPHONEOS_DEPLOYMENT_TARGET = 16.0;
				LD_RUNPATH_SEARCH_PATHS = (
					"$(inherited)",
					"@executable_path/Frameworks",
				);
				MARKETING_VERSION = 7.1;
				PRODUCT_BUNDLE_IDENTIFIER = "ca.cgagnier.wled-native";
				PRODUCT_NAME = "$(TARGET_NAME)";
				PROVISIONING_PROFILE_SPECIFIER = "";
				SWIFT_EMIT_LOC_STRINGS = YES;
				SWIFT_VERSION = 6.0;
				TARGETED_DEVICE_FAMILY = "1,2";
			};
			name = Release;
		};
		BBE210000000000000000009 /* Debug */ = {
			isa = XCBuildConfiguration;
			buildSettings = {
				CODE_SIGN_STYLE = Automatic;
				CURRENT_PROJECT_VERSION = 1;
				DEVELOPMENT_TEAM = 8RN882MNR5;
				GENERATE_INFOPLIST_FILE = YES;
				IPHONEOS_DEPLOYMENT_TARGET = 16.0;
				MARKETING_VERSION = 1.0;
				PRODUCT_BUNDLE_IDENTIFIER = "ca.cgagnier.wled-native.WLEDUIHILTests";
				PRODUCT_NAME = "$(TARGET_NAME)";
				SWIFT_EMIT_LOC_STRINGS = NO;
				SWIFT_VERSION = 5.0;
				TARGETED_DEVICE_FAMILY = "1,2";
				TEST_TARGET_NAME = WLED;
			};
			name = Debug;
		};
		BBE21000000000000000000A /* Release */ = {
			isa = XCBuildConfiguration;
			buildSettings = {
				CODE_SIGN_STYLE = Automatic;
				CURRENT_PROJECT_VERSION = 1;
				DEVELOPMENT_TEAM = 8RN882MNR5;
				GENERATE_INFOPLIST_FILE = YES;
				IPHONEOS_DEPLOYMENT_TARGET = 16.0;
				MARKETING_VERSION = 1.0;
				PRODUCT_BUNDLE_IDENTIFIER = "ca.cgagnier.wled-native.WLEDUIHILTests";
				PRODUCT_NAME = "$(TARGET_NAME)";
				SWIFT_EMIT_LOC_STRINGS = NO;
				SWIFT_VERSION = 5.0;
				TARGETED_DEVICE_FAMILY = "1,2";
				TEST_TARGET_NAME = WLED;
			};
			name = Release;
		};
/* End XCBuildConfiguration section */

/* Begin XCConfigurationList section */
		882CC91B2F05CFE00080567C /* Build configuration list for PBXNativeTarget "WLEDTests" */ = {
			isa = XCConfigurationList;
			buildConfigurations = (
				882CC9192F05CFE00080567C /* Debug */,
				882CC91A2F05CFE00080567C /* Release */,
			);
			defaultConfigurationIsVisible = 0;
			defaultConfigurationName = Release;
		};
		C9A9E5B82918D1C3005B5C22 /* Build configuration list for PBXProject "wled" */ = {
			isa = XCConfigurationList;
			buildConfigurations = (
				C9A9E5CF2918D1C4005B5C22 /* Debug */,
				C9A9E5D02918D1C4005B5C22 /* Release */,
			);
			defaultConfigurationIsVisible = 0;
			defaultConfigurationName = Release;
		};
		C9A9E5D12918D1C4005B5C22 /* Build configuration list for PBXNativeTarget "WLED" */ = {
			isa = XCConfigurationList;
			buildConfigurations = (
				C9A9E5D22918D1C4005B5C22 /* Debug */,
				C9A9E5D32918D1C4005B5C22 /* Release */,
			);
			defaultConfigurationIsVisible = 0;
			defaultConfigurationName = Release;
		};
		BBE21000000000000000000B /* Build configuration list for PBXNativeTarget "WLEDUIHILTests" */ = {
			isa = XCConfigurationList;
			buildConfigurations = (BBE210000000000000000009, BBE21000000000000000000A,);
			defaultConfigurationIsVisible = 0;
			defaultConfigurationName = Release;
		};
/* End XCConfigurationList section */

/* Begin XCRemoteSwiftPackageReference section */
		8849F9052F710909008ACEC3 /* XCRemoteSwiftPackageReference "SwiftLintPlugins" */ = {
			isa = XCRemoteSwiftPackageReference;
			repositoryURL = "https://github.com/SimplyDanny/SwiftLintPlugins";
			requirement = {
				kind = upToNextMajorVersion;
				minimumVersion = 0.65.1;
			};
		};
		C946FB842B68C53600D5B00D /* XCRemoteSwiftPackageReference "swift-collections" */ = {
			isa = XCRemoteSwiftPackageReference;
			repositoryURL = "https://github.com/apple/swift-collections.git";
			requirement = {
				kind = upToNextMajorVersion;
				minimumVersion = 1.7.0;
			};
		};
		C948F4962B3D2B320092C4B1 /* XCRemoteSwiftPackageReference "swift-markdown-ui" */ = {
			isa = XCRemoteSwiftPackageReference;
			repositoryURL = "https://github.com/gonzalezreal/swift-markdown-ui";
			requirement = {
				kind = upToNextMajorVersion;
				minimumVersion = 2.4.1;
			};
		};
/* End XCRemoteSwiftPackageReference section */

/* Begin XCSwiftPackageProductDependency section */
		8849FA222F710B1B008ACEC3 /* SwiftLintBuildToolPlugin */ = {
			isa = XCSwiftPackageProductDependency;
			package = 8849F9052F710909008ACEC3 /* XCRemoteSwiftPackageReference "SwiftLintPlugins" */;
			productName = "plugin:SwiftLintBuildToolPlugin";
		};
		C946FB852B68C53600D5B00D /* Collections */ = {
			isa = XCSwiftPackageProductDependency;
			package = C946FB842B68C53600D5B00D /* XCRemoteSwiftPackageReference "swift-collections" */;
			productName = Collections;
		};
		C946FB872B68C53600D5B00D /* DequeModule */ = {
			isa = XCSwiftPackageProductDependency;
			package = C946FB842B68C53600D5B00D /* XCRemoteSwiftPackageReference "swift-collections" */;
			productName = DequeModule;
		};
		C946FB892B68C53600D5B00D /* OrderedCollections */ = {
			isa = XCSwiftPackageProductDependency;
			package = C946FB842B68C53600D5B00D /* XCRemoteSwiftPackageReference "swift-collections" */;
			productName = OrderedCollections;
		};
		C948F4972B3D2B330092C4B1 /* MarkdownUI */ = {
			isa = XCSwiftPackageProductDependency;
			package = C948F4962B3D2B320092C4B1 /* XCRemoteSwiftPackageReference "swift-markdown-ui" */;
			productName = MarkdownUI;
		};
/* End XCSwiftPackageProductDependency section */

/* Begin XCVersionGroup section */
		884FA9082F027B6100097D56 /* wled_native_data.xcdatamodeld */ = {
			isa = XCVersionGroup;
			children = (
				BBE300002F027B6100097D56 /* v3.xcdatamodel */,
				884FA90A2F027B6100097D56 /* v2.xcdatamodel */,
				884FA90B2F027B6100097D56 /* wled_native_data.xcdatamodel */,
			);
			currentVersion = BBE300002F027B6100097D56 /* v3.xcdatamodel */;
			path = wled_native_data.xcdatamodeld;
			sourceTree = "<group>";
			versionGroupType = wrapper.xcdatamodel;
		};
/* End XCVersionGroup section */
	};
	rootObject = C9A9E5B52918D1C3005B5C22 /* Project object */;
}
